
Microsoft Visual Studio Solution File, Format Version 12.00
# Visual Studio Version 17
VisualStudioVersion = 17.5.33516.290
MinimumVisualStudioVersion = 10.0.40219.1
Project("{FAE04EC0-301F-11D3-BF4B-00C04F79EFBC}") = "NontanCLI", "NontanCLI\NontanCLI.csproj", "{8C7B44CC-85D1-4384-BEE1-80968B7DB02E}"
EndProject
Global
	GlobalSection(SolutionConfigurationPlatforms) = preSolution
		Debug|Any CPU = Debug|Any CPU
		Release|Any CPU = Release|Any CPU
	EndGlobalSection
	GlobalSection(ProjectConfigurationPlatforms) = postSolution
		{8C7B44CC-85D1-4384-BEE1-80968B7DB02E}.Debug|Any CPU.ActiveCfg = Debug|Any CPU
		{8C7B44CC-85D1-4384-BEE1-80968B7DB02E}.Debug|Any CPU.Build.0 = Debug|Any CPU
		{8C7B44CC-85D1-4384-BEE1-80968B7DB02E}.Release|Any CPU.ActiveCfg = Release|Any CPU
		{8C7B44CC-85D1-4384-BEE1-80968B7DB02E}.Release|Any CPU.Build.0 = Release|Any CPU
	EndGlobalSection
	GlobalSection(SolutionProperties) = preSolution
		HideSolutionNode = FALSE
	EndGlobalSection
	GlobalSection(ExtensibilityGlobals) = postSolution
		SolutionGuid = {F509372D-FA28-4A8A-91E0-123946F6091C}
	EndGlobalSection
EndGlobal
